
Microsoft Visual Studio Solution File, Format Version 12.00
Project("{FAE04EC0-301F-11D3-BF4B-00C04F79EFBC}") = "Umbraco.Community.Security", "Umbraco.Community.Security\Umbraco.Community.Security.csproj", "{036CF65B-A2A3-4CF7-9986-68D133FCF894}"
EndProject
Project("{2150E333-8FDC-42A3-9474-1A3956D46DE8}") = "Solution Items", "Solution Items", "{9B30DB56-4222-4BBE-8BCA-FAE3CCE6A502}"
	ProjectSection(SolutionItems) = preProject
		..\LICENSE = ..\LICENSE
		..\.gitignore = ..\.gitignore
	EndProjectSection
EndProject
Project("{FAE04EC0-301F-11D3-BF4B-00C04F79EFBC}") = "Umbraco.Community.Sustainability.TestSite", "Umbraco.Community.Sustainability.TestSite\Umbraco.Community.Sustainability.TestSite.csproj", "{D6B9AF27-AF82-42B3-B436-52E856F27B05}"
EndProject
Global
	GlobalSection(SolutionConfigurationPlatforms) = preSolution
		Debug|Any CPU = Debug|Any CPU
		Release|Any CPU = Release|Any CPU
	EndGlobalSection
	GlobalSection(ProjectConfigurationPlatforms) = postSolution
		{036CF65B-A2A3-4CF7-9986-68D133FCF894}.Debug|Any CPU.ActiveCfg = Debug|Any CPU
		{036CF65B-A2A3-4CF7-9986-68D133FCF894}.Debug|Any CPU.Build.0 = Debug|Any CPU
		{036CF65B-A2A3-4CF7-9986-68D133FCF894}.Release|Any CPU.ActiveCfg = Release|Any CPU
		{036CF65B-A2A3-4CF7-9986-68D133FCF894}.Release|Any CPU.Build.0 = Release|Any CPU
		{D6B9AF27-AF82-42B3-B436-52E856F27B05}.Debug|Any CPU.ActiveCfg = Debug|Any CPU
		{D6B9AF27-AF82-42B3-B436-52E856F27B05}.Debug|Any CPU.Build.0 = Debug|Any CPU
		{D6B9AF27-AF82-42B3-B436-52E856F27B05}.Release|Any CPU.ActiveCfg = Release|Any CPU
		{D6B9AF27-AF82-42B3-B436-52E856F27B05}.Release|Any CPU.Build.0 = Release|Any CPU
	EndGlobalSection
EndGlobal
